
Microsoft Visual Studio Solution File, Format Version 12.00
# Visual Studio Version 16
VisualStudioVersion = 16.0.29806.167
MinimumVisualStudioVersion = 10.0.40219.1
Project("{FAE04EC0-301F-11D3-BF4B-00C04F79EFBC}") = "Bischino", "Bischino\Bischino.csproj", "{2324EAF0-7B6C-4E9E-AF3C-EFB9FEB31F81}"
EndProject
Global
	GlobalSection(SolutionConfigurationPlatforms) = preSolution
		Debug|Any CPU = Debug|Any CPU
		Release|Any CPU = Release|Any CPU
	EndGlobalSection
	GlobalSection(ProjectConfigurationPlatforms) = postSolution
		{2324EAF0-7B6C-4E9E-AF3C-EFB9FEB31F81}.Debug|Any CPU.ActiveCfg = Debug|Any CPU
		{2324EAF0-7B6C-4E9E-AF3C-EFB9FEB31F81}.Debug|Any CPU.Build.0 = Debug|Any CPU
		{2324EAF0-7B6C-4E9E-AF3C-EFB9FEB31F81}.Release|Any CPU.ActiveCfg = Release|Any CPU
		{2324EAF0-7B6C-4E9E-AF3C-EFB9FEB31F81}.Release|Any CPU.Build.0 = Release|Any CPU
	EndGlobalSection
	GlobalSection(SolutionProperties) = preSolution
		HideSolutionNode = FALSE
	EndGlobalSection
	GlobalSection(ExtensibilityGlobals) = postSolution
		SolutionGuid = {2A245F89-59A9-4035-8DEA-FA15CF0CC626}
	EndGlobalSection
EndGlobal
